{
  "originHash" : "3d4addc81979272a1213fe814a82a717f71ac14b9a56b827fd0d6f9ca3428197",
  "pins" : [
    {
      "identity" : "capacitor-swift-pm",
      "kind" : "remoteSourceControl",
      "location" : "https://github.com/ionic-team/capacitor-swift-pm.git",
      "state" : {
        "revision" : "0e862e6ff13852a710c8a484180ca4d6a2cc9761",
        "version" : "8.2.0"
      }
    },
    {
      "identity" : "ion-ios-camera",
      "kind" : "remoteSourceControl",
      "location" : "https://github.com/ionic-team/ion-ios-camera.git",
      "state" : {
        "revision" : "f6e58e8d78913c00433efa230f2ef20451566d51",
        "version" : "1.0.0"
      }
    },
    {
      "identity" : "purchases-hybrid-common",
      "kind" : "remoteSourceControl",
      "location" : "https://github.com/RevenueCat/purchases-hybrid-common.git",
      "state" : {
        "revision" : "29e618fcfe93c0a2a32d5106bda66dc257b556cc",
        "version" : "17.54.0"
      }
    },
    {
      "identity" : "purchases-ios-spm",
      "kind" : "remoteSourceControl",
      "location" : "https://github.com/RevenueCat/purchases-ios-spm",
      "state" : {
        "revision" : "a1bf83fc76099c3d801aa7fc2543c3b9e488cd00",
        "version" : "5.67.0"
      }
    }
  ],
  "version" : 3
}
